
Microsoft Visual Studio Solution File, Format Version 12.00
# Visual Studio Version 17
VisualStudioVersion = 17.5.002.0
MinimumVisualStudioVersion = 10.0.40219.1
Project("{9A19103F-16F7-4668-BE54-9A1E7A4F7556}") = "WazeCredit", "WazeCredit\WazeCredit.csproj", "{BCFDA4C7-71EF-498C-A976-44D4B369878E}"
EndProject
Global
	GlobalSection(SolutionConfigurationPlatforms) = preSolution
		Debug|Any CPU = Debug|Any CPU
		Release|Any CPU = Release|Any CPU
	EndGlobalSection
	GlobalSection(ProjectConfigurationPlatforms) = postSolution
		{BCFDA4C7-71EF-498C-A976-44D4B369878E}.Debug|Any CPU.ActiveCfg = Debug|Any CPU
		{BCFDA4C7-71EF-498C-A976-44D4B369878E}.Debug|Any CPU.Build.0 = Debug|Any CPU
		{BCFDA4C7-71EF-498C-A976-44D4B369878E}.Release|Any CPU.ActiveCfg = Release|Any CPU
		{BCFDA4C7-71EF-498C-A976-44D4B369878E}.Release|Any CPU.Build.0 = Release|Any CPU
	EndGlobalSection
	GlobalSection(SolutionProperties) = preSolution
		HideSolutionNode = FALSE
	EndGlobalSection
	GlobalSection(ExtensibilityGlobals) = postSolution
		SolutionGuid = {F86B2383-DF20-4F28-B515-C0638B578D01}
	EndGlobalSection
EndGlobal
